{
  "version": 4,
  "terraform_version": "1.3.9",
  "serial": 3,
  "lineage": "1534efd1-41be-593b-84b6-ac9d963ee8f4",
  "outputs": {},
  "resources": [
    {
      "mode": "managed",
      "type": "docker_image",
      "name": "dov-bear",
      "provider": "provider[\"registry.terraform.io/kreuzwerker/docker\"]",
      "instances": [
        {
          "schema_version": 0,
          "attributes": {
            "build": [],
            "force_remove": null,
            "id": "sha256:508c6dbbd487c0b7bdaccd3e7c647bd4fae7913dbe6c63de47d0039c8e14c52fchukmunnlee/dov-bear:v4",
            "image_id": "sha256:508c6dbbd487c0b7bdaccd3e7c647bd4fae7913dbe6c63de47d0039c8e14c52f",
            "keep_locally": null,
            "name": "chukmunnlee/dov-bear:v4",
            "platform": null,
            "pull_triggers": null,
            "repo_digest": "chukmunnlee/dov-bear@sha256:fff174846519b69cd3f82fb115f493fa595f97a9e8e3510c2c03595de66b613f",
            "triggers": null
          },
          "sensitive_attributes": [],
          "private": "bnVsbA=="
        }
      ]
    }
  ],
  "check_results": null
}
